
Microsoft Visual Studio Solution File, Format Version 12.00
# Visual Studio Version 16
VisualStudioVersion = 16.0.31911.196
MinimumVisualStudioVersion = 10.0.40219.1
Project("{FAE04EC0-301F-11D3-BF4B-00C04F79EFBC}") = "ControGridView", "ControGridView\ControGridView.csproj", "{955B6CA6-F269-431D-B2B6-686899A103EA}"
EndProject
Global
	GlobalSection(SolutionConfigurationPlatforms) = preSolution
		Debug|Any CPU = Debug|Any CPU
		Release|Any CPU = Release|Any CPU
	EndGlobalSection
	GlobalSection(ProjectConfigurationPlatforms) = postSolution
		{955B6CA6-F269-431D-B2B6-686899A103EA}.Debug|Any CPU.ActiveCfg = Debug|Any CPU
		{955B6CA6-F269-431D-B2B6-686899A103EA}.Debug|Any CPU.Build.0 = Debug|Any CPU
		{955B6CA6-F269-431D-B2B6-686899A103EA}.Release|Any CPU.ActiveCfg = Release|Any CPU
		{955B6CA6-F269-431D-B2B6-686899A103EA}.Release|Any CPU.Build.0 = Release|Any CPU
	EndGlobalSection
	GlobalSection(SolutionProperties) = preSolution
		HideSolutionNode = FALSE
	EndGlobalSection
	GlobalSection(ExtensibilityGlobals) = postSolution
		SolutionGuid = {1EBE5D41-B012-4C3B-8141-B06E8EB7C793}
	EndGlobalSection
EndGlobal
